
Microsoft Visual Studio Solution File, Format Version 12.00
# Visual Studio Version 17
VisualStudioVersion = 17.9.34728.123
MinimumVisualStudioVersion = 10.0.40219.1
Project("{FAE04EC0-301F-11D3-BF4B-00C04F79EFBC}") = "VisualizationAssociativeQueue", "VisualizationAssociativeQueue\VisualizationAssociativeQueue.csproj", "{030C4D2F-B6B2-4614-B783-35C5620A6314}"
EndProject
Global
	GlobalSection(SolutionConfigurationPlatforms) = preSolution
		Debug|Any CPU = Debug|Any CPU
		Release|Any CPU = Release|Any CPU
	EndGlobalSection
	GlobalSection(ProjectConfigurationPlatforms) = postSolution
		{030C4D2F-B6B2-4614-B783-35C5620A6314}.Debug|Any CPU.ActiveCfg = Debug|Any CPU
		{030C4D2F-B6B2-4614-B783-35C5620A6314}.Debug|Any CPU.Build.0 = Debug|Any CPU
		{030C4D2F-B6B2-4614-B783-35C5620A6314}.Release|Any CPU.ActiveCfg = Release|Any CPU
		{030C4D2F-B6B2-4614-B783-35C5620A6314}.Release|Any CPU.Build.0 = Release|Any CPU
	EndGlobalSection
	GlobalSection(SolutionProperties) = preSolution
		HideSolutionNode = FALSE
	EndGlobalSection
	GlobalSection(ExtensibilityGlobals) = postSolution
		SolutionGuid = {E37A268D-1418-4463-97D7-CA175DFB61C5}
	EndGlobalSection
EndGlobal
