
Microsoft Visual Studio Solution File, Format Version 12.00
# Visual Studio Version 17
VisualStudioVersion = 17.9.34728.123
MinimumVisualStudioVersion = 10.0.40219.1
Project("{9A19103F-16F7-4668-BE54-9A1E7A4F7556}") = "VisualizationAssociativeQueue", "VisualizationAssociativeQueue\VisualizationAssociativeQueue.csproj", "{030C4D2F-B6B2-4614-B783-35C5620A6314}"
EndProject
Project("{9A19103F-16F7-4668-BE54-9A1E7A4F7556}") = "AssociativeLibrary", "AssociativeLibrary\AssociativeLibrary.csproj", "{493204BB-7BAE-40D5-AA29-02E5C1B377B3}"
EndProject
Project("{9A19103F-16F7-4668-BE54-9A1E7A4F7556}") = "ForeignAssociativeOperationLibrary", "ForeignAssociativeOperationLibrary\ForeignAssociativeOperationLibrary.csproj", "{EF7C37E1-7ED9-44B4-B9D3-9B9DF0080CFA}"
EndProject
Project("{FAE04EC0-301F-11D3-BF4B-00C04F79EFBC}") = "CollectionLibrary", "CollectionLibrary\CollectionLibrary.csproj", "{AF664474-CF79-4223-89F8-098289591BC5}"
EndProject
Global
	GlobalSection(SolutionConfigurationPlatforms) = preSolution
		Debug|Any CPU = Debug|Any CPU
		Release|Any CPU = Release|Any CPU
	EndGlobalSection
	GlobalSection(ProjectConfigurationPlatforms) = postSolution
		{030C4D2F-B6B2-4614-B783-35C5620A6314}.Debug|Any CPU.ActiveCfg = Debug|Any CPU
		{030C4D2F-B6B2-4614-B783-35C5620A6314}.Debug|Any CPU.Build.0 = Debug|Any CPU
		{030C4D2F-B6B2-4614-B783-35C5620A6314}.Release|Any CPU.ActiveCfg = Release|Any CPU
		{030C4D2F-B6B2-4614-B783-35C5620A6314}.Release|Any CPU.Build.0 = Release|Any CPU
		{493204BB-7BAE-40D5-AA29-02E5C1B377B3}.Debug|Any CPU.ActiveCfg = Debug|Any CPU
		{493204BB-7BAE-40D5-AA29-02E5C1B377B3}.Debug|Any CPU.Build.0 = Debug|Any CPU
		{493204BB-7BAE-40D5-AA29-02E5C1B377B3}.Release|Any CPU.ActiveCfg = Release|Any CPU
		{493204BB-7BAE-40D5-AA29-02E5C1B377B3}.Release|Any CPU.Build.0 = Release|Any CPU
		{EF7C37E1-7ED9-44B4-B9D3-9B9DF0080CFA}.Debug|Any CPU.ActiveCfg = Debug|Any CPU
		{EF7C37E1-7ED9-44B4-B9D3-9B9DF0080CFA}.Debug|Any CPU.Build.0 = Debug|Any CPU
		{EF7C37E1-7ED9-44B4-B9D3-9B9DF0080CFA}.Release|Any CPU.ActiveCfg = Release|Any CPU
		{EF7C37E1-7ED9-44B4-B9D3-9B9DF0080CFA}.Release|Any CPU.Build.0 = Release|Any CPU
		{AF664474-CF79-4223-89F8-098289591BC5}.Debug|Any CPU.ActiveCfg = Debug|Any CPU
		{AF664474-CF79-4223-89F8-098289591BC5}.Debug|Any CPU.Build.0 = Debug|Any CPU
		{AF664474-CF79-4223-89F8-098289591BC5}.Release|Any CPU.ActiveCfg = Release|Any CPU
		{AF664474-CF79-4223-89F8-098289591BC5}.Release|Any CPU.Build.0 = Release|Any CPU
	EndGlobalSection
	GlobalSection(SolutionProperties) = preSolution
		HideSolutionNode = FALSE
	EndGlobalSection
	GlobalSection(ExtensibilityGlobals) = postSolution
		SolutionGuid = {E37A268D-1418-4463-97D7-CA175DFB61C5}
	EndGlobalSection
EndGlobal
